// !$*UTF8*$!
{
	archiveVersion = 1;
	classes = {
	};
	objectVersion = 46;
	objects = {

/* Begin PBXBuildFile section */
		B59CB43F14FBF00F00525920 /* Cocoa.framework in Frameworks */ = {isa = PBXBuildFile; fileRef = B59CB43E14FBF00F00525920 /* Cocoa.framework */; };
		B59CB44914FBF00F00525920 /* InfoPlist.strings in Resources */ = {isa = PBXBuildFile; fileRef = B59CB44714FBF00F00525920 /* InfoPlist.strings */; };
		B59CB44B14FBF00F00525920 /* main.m in Sources */ = {isa = PBXBuildFile; fileRef = B59CB44A14FBF00F00525920 /* main.m */; };
		B59CB44F14FBF00F00525920 /* Credits.rtf in Resources */ = {isa = PBXBuildFile; fileRef = B59CB44D14FBF00F00525920 /* Credits.rtf */; };
		B59CB45214FBF00F00525920 /* AppDelegate.m in Sources */ = {isa = PBXBuildFile; fileRef = B59CB45114FBF00F00525920 /* AppDelegate.m */; };
		B59CB45514FBF00F00525920 /* MainMenu.xib in Resources */ = {isa = PBXBuildFile; fileRef = B59CB45314FBF00F00525920 /* MainMenu.xib */; };
/* End PBXBuildFile section */

/* Begin PBXFileReference section */
		B59CB43A14FBF00F00525920 /* Sim.app */ = {isa = PBXFileReference; explicitFileType = wrapper.application; includeInIndex = 0; path = Sim.app; sourceTree = BUILT_PRODUCTS_DIR; };
		B59CB43E14FBF00F00525920 /* Cocoa.framework */ = {isa = PBXFileReference; lastKnownFileType = wrapper.framework; name = Cocoa.framework; path = System/Library/Frameworks/Cocoa.framework; sourceTree = SDKROOT; };
		B59CB44114FBF00F00525920 /* AppKit.framework */ = {isa = PBXFileReference; lastKnownFileType = wrapper.framework; name = AppKit.framework; path = System/Library/Frameworks/AppKit.framework; sourceTree = SDKROOT; };
		B59CB44214FBF00F00525920 /* CoreData.framework */ = {isa = PBXFileReference; lastKnownFileType = wrapper.framework; name = CoreData.framework; path = System/Library/Frameworks/CoreData.framework; sourceTree = SDKROOT; };
		B59CB44314FBF00F00525920 /* Foundation.framework */ = {isa = PBXFileReference; lastKnownFileType = wrapper.framework; name = Foundation.framework; path = System/Library/Frameworks/Foundation.framework; sourceTree = SDKROOT; };
		B59CB44614FBF00F00525920 /* Sim-Info.plist */ = {isa = PBXFileReference; path = "Sim-Info.plist"; sourceTree = "<group>"; };
		B59CB44814FBF00F00525920 /* en */ = {isa = PBXFileReference; lastKnownFileType = text.plist.strings; name = en; path = en.lproj/InfoPlist.strings; sourceTree = "<group>"; };
		B59CB44A14FBF00F00525920 /* main.m */ = {isa = PBXFileReference; lastKnownFileType = sourcecode.c.objc; path = main.m; sourceTree = "<group>"; };
		B59CB44C14FBF00F00525920 /* Sim-Prefix.pch */ = {isa = PBXFileReference; path = "Sim-Prefix.pch"; sourceTree = "<group>"; };
		B59CB44E14FBF00F00525920 /* en */ = {isa = PBXFileReference; lastKnownFileType = text.rtf; name = en; path = en.lproj/Credits.rtf; sourceTree = "<group>"; };
		B59CB45014FBF00F00525920 /* AppDelegate.h */ = {isa = PBXFileReference; path = AppDelegate.h; sourceTree = "<group>"; };
		B59CB45114FBF00F00525920 /* AppDelegate.m */ = {isa = PBXFileReference; lastKnownFileType = sourcecode.c.objc; path = AppDelegate.m; sourceTree = "<group>"; };
		B59CB45414FBF00F00525920 /* en */ = {isa = PBXFileReference; lastKnownFileType = file.xib; name = en; path = en.lproj/MainMenu.xib; sourceTree = "<group>"; };
/* End PBXFileReference section */

/* Begin PBXFrameworksBuildPhase section */
		B59CB43714FBF00F00525920 /* Frameworks */ = {
			isa = PBXFrameworksBuildPhase;
			buildActionMask = 2147483647;
			files = (
				B59CB43F14FBF00F00525920 /* Cocoa.framework in Frameworks */,
			);
			runOnlyForDeploymentPostprocessing = 0;
		};
/* End PBXFrameworksBuildPhase section */

/* Begin PBXGroup section */
		B59CB42F14FBF00F00525920 = {
			isa = PBXGroup;
			children = (
				B59CB44414FBF00F00525920 /* Sim */,
				B59CB43D14FBF00F00525920 /* Frameworks */,
				B59CB43B14FBF00F00525920 /* Products */,
			);
			sourceTree = "<group>";
		};
		B59CB43B14FBF00F00525920 /* Products */ = {
			isa = PBXGroup;
			children = (
				B59CB43A14FBF00F00525920 /* Sim.app */,
			);
			name = Products;
			sourceTree = "<group>";
		};
		B59CB43D14FBF00F00525920 /* Frameworks */ = {
			isa = PBXGroup;
			children = (
				B59CB43E14FBF00F00525920 /* Cocoa.framework */,
				B59CB44014FBF00F00525920 /* Other Frameworks */,
			);
			name = Frameworks;
			sourceTree = "<group>";
		};
		B59CB44014FBF00F00525920 /* Other Frameworks */ = {
			isa = PBXGroup;
			children = (
				B59CB44114FBF00F00525920 /* AppKit.framework */,
				B59CB44214FBF00F00525920 /* CoreData.framework */,
				B59CB44314FBF00F00525920 /* Foundation.framework */,
			);
			name = "Other Frameworks";
			sourceTree = "<group>";
		};
		B59CB44414FBF00F00525920 /* Sim */ = {
			isa = PBXGroup;
			children = (
				B59CB45014FBF00F00525920 /* AppDelegate.h */,
				B59CB45114FBF00F00525920 /* AppDelegate.m */,
				B59CB45314FBF00F00525920 /* MainMenu.xib */,
				B59CB44514FBF00F00525920 /* Supporting Files */,
			);
			path = Sim;
			sourceTree = "<group>";
		};
		B59CB44514FBF00F00525920 /* Supporting Files */ = {
			isa = PBXGroup;
			children = (
				B59CB44614FBF00F00525920 /* Sim-Info.plist */,
				B59CB44714FBF00F00525920 /* InfoPlist.strings */,
				B59CB44A14FBF00F00525920 /* main.m */,
				B59CB44C14FBF00F00525920 /* Sim-Prefix.pch */,
				B59CB44D14FBF00F00525920 /* Credits.rtf */,
			);
			name = "Supporting Files";
			sourceTree = "<group>";
		};
/* End PBXGroup section */

/* Begin PBXNativeTarget section */
		B59CB43914FBF00F00525920 /* Sim */ = {
			isa = PBXNativeTarget;
			buildConfigurationList = B59CB45814FBF00F00525920 /* Build configuration list for PBXNativeTarget "Sim" */;
			buildPhases = (
				B59CB43614FBF00F00525920 /* Sources */,
				B59CB43714FBF00F00525920 /* Frameworks */,
				B59CB43814FBF00F00525920 /* Resources */,
			);
			buildRules = (
			);
			dependencies = (
			);
			name = Sim;
			productName = Sim;
			productReference = B59CB43A14FBF00F00525920 /* Sim.app */;
			productType = "com.apple.product-type.application";
		};
/* End PBXNativeTarget section */

/* Begin PBXProject section */
		B59CB43114FBF00F00525920 /* Project object */ = {
			isa = PBXProject;
			attributes = {
				LastUpgradeCheck = 0420;
				ORGANIZATIONNAME = "Industrial Parker, LLC";
			};
			buildConfigurationList = B59CB43414FBF00F00525920 /* Build configuration list for PBXProject "Sim" */;
			compatibilityVersion = "Xcode 3.2";
			developmentRegion = English;
			hasScannedForEncodings = 0;
			knownRegions = (
				en,
			);
			mainGroup = B59CB42F14FBF00F00525920;
			productRefGroup = B59CB43B14FBF00F00525920 /* Products */;
			projectDirPath = "";
			projectRoot = "";
			targets = (
				B59CB43914FBF00F00525920 /* Sim */,
			);
		};
/* End PBXProject section */

/* Begin PBXResourcesBuildPhase section */
		B59CB43814FBF00F00525920 /* Resources */ = {
			isa = PBXResourcesBuildPhase;
			buildActionMask = 2147483647;
			files = (
				B59CB44914FBF00F00525920 /* InfoPlist.strings in Resources */,
				B59CB44F14FBF00F00525920 /* Credits.rtf in Resources */,
				B59CB45514FBF00F00525920 /* MainMenu.xib in Resources */,
			);
			runOnlyForDeploymentPostprocessing = 0;
		};
/* End PBXResourcesBuildPhase section */

/* Begin PBXSourcesBuildPhase section */
		B59CB43614FBF00F00525920 /* Sources */ = {
			isa = PBXSourcesBuildPhase;
			buildActionMask = 2147483647;
			files = (
				B59CB44B14FBF00F00525920 /* main.m in Sources */,
				B59CB45214FBF00F00525920 /* AppDelegate.m in Sources */,
			);
			runOnlyForDeploymentPostprocessing = 0;
		};
/* End PBXSourcesBuildPhase section */

/* Begin PBXVariantGroup section */
		B59CB44714FBF00F00525920 /* InfoPlist.strings */ = {
			isa = PBXVariantGroup;
			children = (
				B59CB44814FBF00F00525920 /* en */,
			);
			name = InfoPlist.strings;
			sourceTree = "<group>";
		};
		B59CB44D14FBF00F00525920 /* Credits.rtf */ = {
			isa = PBXVariantGroup;
			children = (
				B59CB44E14FBF00F00525920 /* en */,
			);
			name = Credits.rtf;
			sourceTree = "<group>";
		};
		B59CB45314FBF00F00525920 /* MainMenu.xib */ = {
			isa = PBXVariantGroup;
			children = (
				B59CB45414FBF00F00525920 /* en */,
			);
			name = MainMenu.xib;
			sourceTree = "<group>";
		};
/* End PBXVariantGroup section */

/* Begin XCBuildConfiguration section */
		B59CB45614FBF00F00525920 /* Debug */ = {
			isa = XCBuildConfiguration;
			buildSettings = {
				ALWAYS_SEARCH_USER_PATHS = NO;
				ARCHS = "$(ARCHS_STANDARD_64_BIT)";
				CLANG_ENABLE_OBJC_ARC = YES;
				COPY_PHASE_STRIP = NO;
				GCC_C_LANGUAGE_STANDARD = gnu99;
				GCC_DYNAMIC_NO_PIC = NO;
				GCC_ENABLE_OBJC_EXCEPTIONS = YES;
				GCC_OPTIMIZATION_LEVEL = 0;
				GCC_PREPROCESSOR_DEFINITIONS = (
					"DEBUG=1",
					"$(inherited)",
				);
				GCC_SYMBOLS_PRIVATE_EXTERN = NO;
				GCC_VERSION = com.apple.compilers.llvm.clang.1_0;
				GCC_WARN_64_TO_32_BIT_CONVERSION = YES;
				GCC_WARN_ABOUT_MISSING_PROTOTYPES = YES;
				GCC_WARN_ABOUT_RETURN_TYPE = YES;
				GCC_WARN_UNUSED_VARIABLE = YES;
				MACOSX_DEPLOYMENT_TARGET = 10.7;
				ONLY_ACTIVE_ARCH = YES;
				SDKROOT = macosx;
			};
			name = Debug;
		};
		B59CB45714FBF00F00525920 /* Release */ = {
			isa = XCBuildConfiguration;
			buildSettings = {
				ALWAYS_SEARCH_USER_PATHS = NO;
				ARCHS = "$(ARCHS_STANDARD_64_BIT)";
				CLANG_ENABLE_OBJC_ARC = YES;
				COPY_PHASE_STRIP = YES;
				DEBUG_INFORMATION_FORMAT = "dwarf-with-dsym";
				GCC_C_LANGUAGE_STANDARD = gnu99;
				GCC_ENABLE_OBJC_EXCEPTIONS = YES;
				GCC_VERSION = com.apple.compilers.llvm.clang.1_0;
				GCC_WARN_64_TO_32_BIT_CONVERSION = YES;
				GCC_WARN_ABOUT_MISSING_PROTOTYPES = YES;
				GCC_WARN_ABOUT_RETURN_TYPE = YES;
				GCC_WARN_UNUSED_VARIABLE = YES;
				MACOSX_DEPLOYMENT_TARGET = 10.7;
				SDKROOT = macosx;
			};
			name = Release;
		};
		B59CB45914FBF00F00525920 /* Debug */ = {
			isa = XCBuildConfiguration;
			buildSettings = {
				GCC_PRECOMPILE_PREFIX_HEADER = YES;
				GCC_PREFIX_HEADER = "Sim/Sim-Prefix.pch";
				INFOPLIST_FILE = "Sim/Sim-Info.plist";
				PRODUCT_NAME = "$(TARGET_NAME)";
				WRAPPER_EXTENSION = app;
			};
			name = Debug;
		};
		B59CB45A14FBF00F00525920 /* Release */ = {
			isa = XCBuildConfiguration;
			buildSettings = {
				GCC_PRECOMPILE_PREFIX_HEADER = YES;
				GCC_PREFIX_HEADER = "Sim/Sim-Prefix.pch";
				INFOPLIST_FILE = "Sim/Sim-Info.plist";
				PRODUCT_NAME = "$(TARGET_NAME)";
				WRAPPER_EXTENSION = app;
			};
			name = Release;
		};
/* End XCBuildConfiguration section */

/* Begin XCConfigurationList section */
		B59CB43414FBF00F00525920 /* Build configuration list for PBXProject "Sim" */ = {
			isa = XCConfigurationList;
			buildConfigurations = (
				B59CB45614FBF00F00525920 /* Debug */,
				B59CB45714FBF00F00525920 /* Release */,
			);
			defaultConfigurationIsVisible = 0;
			defaultConfigurationName = Release;
		};
		B59CB45814FBF00F00525920 /* Build configuration list for PBXNativeTarget "Sim" */ = {
			isa = XCConfigurationList;
			buildConfigurations = (
				B59CB45914FBF00F00525920 /* Debug */,
				B59CB45A14FBF00F00525920 /* Release */,
			);
			defaultConfigurationIsVisible = 0;
		};
/* End XCConfigurationList section */
	};
	rootObject = B59CB43114FBF00F00525920 /* Project object */;
}
